
Microsoft Visual Studio Solution File, Format Version 12.00
# Visual Studio Version 16
VisualStudioVersion = 16.0.29306.81
MinimumVisualStudioVersion = 10.0.40219.1
Project("{FAE04EC0-301F-11D3-BF4B-00C04F79EFBC}") = "P310_ASP_Start", "P310_ASP_Start\P310_ASP_Start.csproj", "{96E99FD9-995A-43D8-9E3E-D97ABD4C7C4D}"
EndProject
Global
	GlobalSection(SolutionConfigurationPlatforms) = preSolution
		Debug|Any CPU = Debug|Any CPU
		Release|Any CPU = Release|Any CPU
	EndGlobalSection
	GlobalSection(ProjectConfigurationPlatforms) = postSolution
		{96E99FD9-995A-43D8-9E3E-D97ABD4C7C4D}.Debug|Any CPU.ActiveCfg = Debug|Any CPU
		{96E99FD9-995A-43D8-9E3E-D97ABD4C7C4D}.Debug|Any CPU.Build.0 = Debug|Any CPU
		{96E99FD9-995A-43D8-9E3E-D97ABD4C7C4D}.Release|Any CPU.ActiveCfg = Release|Any CPU
		{96E99FD9-995A-43D8-9E3E-D97ABD4C7C4D}.Release|Any CPU.Build.0 = Release|Any CPU
	EndGlobalSection
	GlobalSection(SolutionProperties) = preSolution
		HideSolutionNode = FALSE
	EndGlobalSection
	GlobalSection(ExtensibilityGlobals) = postSolution
		SolutionGuid = {F595309E-843F-4E5B-A1EA-448FC47471A2}
	EndGlobalSection
EndGlobal
